
Microsoft Visual Studio Solution File, Format Version 12.00
# Visual Studio 15
VisualStudioVersion = 15.0.28010.2019
MinimumVisualStudioVersion = 10.0.40219.1
Project("{8BC9CEB8-8B4A-11D0-8D11-00A0C91BC942}") = "Wordcount", "Wordcount\Wordcount.vcxproj", "{BE4C41FE-4894-4501-AD0A-01A27515D016}"
EndProject
Project("{8BC9CEB8-8B4A-11D0-8D11-00A0C91BC942}") = "wordcounttest", "wordcounttest\wordcounttest.vcxproj", "{E6B6F984-1BAC-488B-9766-00815E354DA0}"
EndProject
Global
	GlobalSection(SolutionConfigurationPlatforms) = preSolution
		Debug|x64 = Debug|x64
		Debug|x86 = Debug|x86
		Release|x64 = Release|x64
		Release|x86 = Release|x86
	EndGlobalSection
	GlobalSection(ProjectConfigurationPlatforms) = postSolution
		{BE4C41FE-4894-4501-AD0A-01A27515D016}.Debug|x64.ActiveCfg = Debug|x64
		{BE4C41FE-4894-4501-AD0A-01A27515D016}.Debug|x64.Build.0 = Debug|x64
		{BE4C41FE-4894-4501-AD0A-01A27515D016}.Debug|x86.ActiveCfg = Debug|Win32
		{BE4C41FE-4894-4501-AD0A-01A27515D016}.Debug|x86.Build.0 = Debug|Win32
		{BE4C41FE-4894-4501-AD0A-01A27515D016}.Release|x64.ActiveCfg = Release|x64
		{BE4C41FE-4894-4501-AD0A-01A27515D016}.Release|x64.Build.0 = Release|x64
		{BE4C41FE-4894-4501-AD0A-01A27515D016}.Release|x86.ActiveCfg = Release|Win32
		{BE4C41FE-4894-4501-AD0A-01A27515D016}.Release|x86.Build.0 = Release|Win32
		{E6B6F984-1BAC-488B-9766-00815E354DA0}.Debug|x64.ActiveCfg = Debug|x64
		{E6B6F984-1BAC-488B-9766-00815E354DA0}.Debug|x64.Build.0 = Debug|x64
		{E6B6F984-1BAC-488B-9766-00815E354DA0}.Debug|x86.ActiveCfg = Debug|Win32
		{E6B6F984-1BAC-488B-9766-00815E354DA0}.Debug|x86.Build.0 = Debug|Win32
		{E6B6F984-1BAC-488B-9766-00815E354DA0}.Release|x64.ActiveCfg = Release|x64
		{E6B6F984-1BAC-488B-9766-00815E354DA0}.Release|x64.Build.0 = Release|x64
		{E6B6F984-1BAC-488B-9766-00815E354DA0}.Release|x86.ActiveCfg = Release|Win32
		{E6B6F984-1BAC-488B-9766-00815E354DA0}.Release|x86.Build.0 = Release|Win32
	EndGlobalSection
	GlobalSection(SolutionProperties) = preSolution
		HideSolutionNode = FALSE
	EndGlobalSection
	GlobalSection(ExtensibilityGlobals) = postSolution
		SolutionGuid = {93920629-A410-4C30-A945-64B04769413F}
	EndGlobalSection
EndGlobal
