
Microsoft Visual Studio Solution File, Format Version 12.00
# Visual Studio 15
VisualStudioVersion = 15.0.28010.2019
MinimumVisualStudioVersion = 10.0.40219.1
Project("{8BC9CEB8-8B4A-11D0-8D11-00A0C91BC942}") = "wordCount", "wordCount\wordCount.vcxproj", "{F9F24775-31A5-4B44-84C9-2BBC65EFFF73}"
EndProject
Project("{8BC9CEB8-8B4A-11D0-8D11-00A0C91BC942}") = "UnitTest2", "UnitTest2\UnitTest2.vcxproj", "{5F2931D0-DE88-4913-8701-3D3A01EE5ACD}"
EndProject
Global
	GlobalSection(Performance) = preSolution
		HasPerformanceSessions = true
	EndGlobalSection
	GlobalSection(SolutionConfigurationPlatforms) = preSolution
		Debug|x64 = Debug|x64
		Debug|x86 = Debug|x86
		Release|x64 = Release|x64
		Release|x86 = Release|x86
	EndGlobalSection
	GlobalSection(ProjectConfigurationPlatforms) = postSolution
		{F9F24775-31A5-4B44-84C9-2BBC65EFFF73}.Debug|x64.ActiveCfg = Debug|x64
		{F9F24775-31A5-4B44-84C9-2BBC65EFFF73}.Debug|x64.Build.0 = Debug|x64
		{F9F24775-31A5-4B44-84C9-2BBC65EFFF73}.Debug|x86.ActiveCfg = Debug|Win32
		{F9F24775-31A5-4B44-84C9-2BBC65EFFF73}.Debug|x86.Build.0 = Debug|Win32
		{F9F24775-31A5-4B44-84C9-2BBC65EFFF73}.Release|x64.ActiveCfg = Release|x64
		{F9F24775-31A5-4B44-84C9-2BBC65EFFF73}.Release|x64.Build.0 = Release|x64
		{F9F24775-31A5-4B44-84C9-2BBC65EFFF73}.Release|x86.ActiveCfg = Release|Win32
		{F9F24775-31A5-4B44-84C9-2BBC65EFFF73}.Release|x86.Build.0 = Release|Win32
		{5F2931D0-DE88-4913-8701-3D3A01EE5ACD}.Debug|x64.ActiveCfg = Debug|x64
		{5F2931D0-DE88-4913-8701-3D3A01EE5ACD}.Debug|x64.Build.0 = Debug|x64
		{5F2931D0-DE88-4913-8701-3D3A01EE5ACD}.Debug|x86.ActiveCfg = Debug|Win32
		{5F2931D0-DE88-4913-8701-3D3A01EE5ACD}.Debug|x86.Build.0 = Debug|Win32
		{5F2931D0-DE88-4913-8701-3D3A01EE5ACD}.Release|x64.ActiveCfg = Release|x64
		{5F2931D0-DE88-4913-8701-3D3A01EE5ACD}.Release|x64.Build.0 = Release|x64
		{5F2931D0-DE88-4913-8701-3D3A01EE5ACD}.Release|x86.ActiveCfg = Release|Win32
		{5F2931D0-DE88-4913-8701-3D3A01EE5ACD}.Release|x86.Build.0 = Release|Win32
	EndGlobalSection
	GlobalSection(SolutionProperties) = preSolution
		HideSolutionNode = FALSE
	EndGlobalSection
	GlobalSection(ExtensibilityGlobals) = postSolution
		SolutionGuid = {02C3B2F2-7472-4A40-9868-C44AE54AAC0A}
	EndGlobalSection
	GlobalSection(Performance) = preSolution
		HasPerformanceSessions = true
	EndGlobalSection
EndGlobal
