
Microsoft Visual Studio Solution File, Format Version 12.00
# Visual Studio 14
VisualStudioVersion = 14.0.25420.1
MinimumVisualStudioVersion = 10.0.40219.1
Project("{8BC9CEB8-8B4A-11D0-8D11-00A0C91BC942}") = "WordCount", "031602629\WordCount\WordCount.vcxproj", "{2BDF0082-FB91-4CC5-B107-6095DE39A5AC}"
EndProject
Project("{8BC9CEB8-8B4A-11D0-8D11-00A0C91BC942}") = "UnitTest1", "031602629\UnitTest1\UnitTest1.vcxproj", "{88447EA8-A431-4377-836E-38408F3272D9}"
EndProject
Global
	GlobalSection(SolutionConfigurationPlatforms) = preSolution
		Debug|x64 = Debug|x64
		Debug|x86 = Debug|x86
		Release|x64 = Release|x64
		Release|x86 = Release|x86
	EndGlobalSection
	GlobalSection(ProjectConfigurationPlatforms) = postSolution
		{2BDF0082-FB91-4CC5-B107-6095DE39A5AC}.Debug|x64.ActiveCfg = Debug|x64
		{2BDF0082-FB91-4CC5-B107-6095DE39A5AC}.Debug|x64.Build.0 = Debug|x64
		{2BDF0082-FB91-4CC5-B107-6095DE39A5AC}.Debug|x86.ActiveCfg = Debug|Win32
		{2BDF0082-FB91-4CC5-B107-6095DE39A5AC}.Debug|x86.Build.0 = Debug|Win32
		{2BDF0082-FB91-4CC5-B107-6095DE39A5AC}.Release|x64.ActiveCfg = Release|x64
		{2BDF0082-FB91-4CC5-B107-6095DE39A5AC}.Release|x64.Build.0 = Release|x64
		{2BDF0082-FB91-4CC5-B107-6095DE39A5AC}.Release|x86.ActiveCfg = Release|Win32
		{2BDF0082-FB91-4CC5-B107-6095DE39A5AC}.Release|x86.Build.0 = Release|Win32
		{88447EA8-A431-4377-836E-38408F3272D9}.Debug|x64.ActiveCfg = Debug|x64
		{88447EA8-A431-4377-836E-38408F3272D9}.Debug|x64.Build.0 = Debug|x64
		{88447EA8-A431-4377-836E-38408F3272D9}.Debug|x86.ActiveCfg = Debug|Win32
		{88447EA8-A431-4377-836E-38408F3272D9}.Debug|x86.Build.0 = Debug|Win32
		{88447EA8-A431-4377-836E-38408F3272D9}.Release|x64.ActiveCfg = Release|x64
		{88447EA8-A431-4377-836E-38408F3272D9}.Release|x64.Build.0 = Release|x64
		{88447EA8-A431-4377-836E-38408F3272D9}.Release|x86.ActiveCfg = Release|Win32
		{88447EA8-A431-4377-836E-38408F3272D9}.Release|x86.Build.0 = Release|Win32
	EndGlobalSection
	GlobalSection(SolutionProperties) = preSolution
		HideSolutionNode = FALSE
	EndGlobalSection
EndGlobal
