
Microsoft Visual Studio Solution File, Format Version 12.00
# Visual Studio 15
VisualStudioVersion = 15.0.28010.2019
MinimumVisualStudioVersion = 10.0.40219.1
Project("{8BC9CEB8-8B4A-11D0-8D11-00A0C91BC942}") = "WordCount", "WordCount\WordCount.vcxproj", "{9C706771-3FBE-42BB-A777-AAAC65AC749D}"
EndProject
Project("{8BC9CEB8-8B4A-11D0-8D11-00A0C91BC942}") = "UnitTest1", "UnitTest1\UnitTest1.vcxproj", "{0A318CE5-EADD-4B5E-BEDC-16102A50DF3D}"
EndProject
Global
	GlobalSection(SolutionConfigurationPlatforms) = preSolution
		Debug|x64 = Debug|x64
		Debug|x86 = Debug|x86
		Release|x64 = Release|x64
		Release|x86 = Release|x86
	EndGlobalSection
	GlobalSection(ProjectConfigurationPlatforms) = postSolution
		{9C706771-3FBE-42BB-A777-AAAC65AC749D}.Debug|x64.ActiveCfg = Debug|x64
		{9C706771-3FBE-42BB-A777-AAAC65AC749D}.Debug|x64.Build.0 = Debug|x64
		{9C706771-3FBE-42BB-A777-AAAC65AC749D}.Debug|x86.ActiveCfg = Debug|Win32
		{9C706771-3FBE-42BB-A777-AAAC65AC749D}.Debug|x86.Build.0 = Debug|Win32
		{9C706771-3FBE-42BB-A777-AAAC65AC749D}.Release|x64.ActiveCfg = Release|x64
		{9C706771-3FBE-42BB-A777-AAAC65AC749D}.Release|x64.Build.0 = Release|x64
		{9C706771-3FBE-42BB-A777-AAAC65AC749D}.Release|x86.ActiveCfg = Release|Win32
		{9C706771-3FBE-42BB-A777-AAAC65AC749D}.Release|x86.Build.0 = Release|Win32
		{0A318CE5-EADD-4B5E-BEDC-16102A50DF3D}.Debug|x64.ActiveCfg = Debug|x64
		{0A318CE5-EADD-4B5E-BEDC-16102A50DF3D}.Debug|x64.Build.0 = Debug|x64
		{0A318CE5-EADD-4B5E-BEDC-16102A50DF3D}.Debug|x86.ActiveCfg = Debug|Win32
		{0A318CE5-EADD-4B5E-BEDC-16102A50DF3D}.Debug|x86.Build.0 = Debug|Win32
		{0A318CE5-EADD-4B5E-BEDC-16102A50DF3D}.Release|x64.ActiveCfg = Release|x64
		{0A318CE5-EADD-4B5E-BEDC-16102A50DF3D}.Release|x64.Build.0 = Release|x64
		{0A318CE5-EADD-4B5E-BEDC-16102A50DF3D}.Release|x86.ActiveCfg = Release|Win32
		{0A318CE5-EADD-4B5E-BEDC-16102A50DF3D}.Release|x86.Build.0 = Release|Win32
	EndGlobalSection
	GlobalSection(SolutionProperties) = preSolution
		HideSolutionNode = FALSE
	EndGlobalSection
	GlobalSection(ExtensibilityGlobals) = postSolution
		SolutionGuid = {B6892F82-4695-4247-B182-7CD8FFE73875}
	EndGlobalSection
EndGlobal
