
Microsoft Visual Studio Solution File, Format Version 12.00
# Visual Studio 15
VisualStudioVersion = 15.0.28010.2019
MinimumVisualStudioVersion = 10.0.40219.1
Project("{8BC9CEB8-8B4A-11D0-8D11-00A0C91BC942}") = "WordCount", "WordCount\WordCount.vcxproj", "{7BD22B52-3B28-44AC-B4DB-BF0EB0620C4D}"
EndProject
Project("{8BC9CEB8-8B4A-11D0-8D11-00A0C91BC942}") = "UnitTest1", "UnitTest1\UnitTest1.vcxproj", "{B18A5F52-9C2E-4882-A89B-E52591656227}"
EndProject
Global
	GlobalSection(SolutionConfigurationPlatforms) = preSolution
		Debug|x64 = Debug|x64
		Debug|x86 = Debug|x86
		Release|x64 = Release|x64
		Release|x86 = Release|x86
	EndGlobalSection
	GlobalSection(ProjectConfigurationPlatforms) = postSolution
		{7BD22B52-3B28-44AC-B4DB-BF0EB0620C4D}.Debug|x64.ActiveCfg = Debug|x64
		{7BD22B52-3B28-44AC-B4DB-BF0EB0620C4D}.Debug|x64.Build.0 = Debug|x64
		{7BD22B52-3B28-44AC-B4DB-BF0EB0620C4D}.Debug|x86.ActiveCfg = Debug|Win32
		{7BD22B52-3B28-44AC-B4DB-BF0EB0620C4D}.Debug|x86.Build.0 = Debug|Win32
		{7BD22B52-3B28-44AC-B4DB-BF0EB0620C4D}.Release|x64.ActiveCfg = Release|x64
		{7BD22B52-3B28-44AC-B4DB-BF0EB0620C4D}.Release|x64.Build.0 = Release|x64
		{7BD22B52-3B28-44AC-B4DB-BF0EB0620C4D}.Release|x86.ActiveCfg = Release|Win32
		{7BD22B52-3B28-44AC-B4DB-BF0EB0620C4D}.Release|x86.Build.0 = Release|Win32
		{B18A5F52-9C2E-4882-A89B-E52591656227}.Debug|x64.ActiveCfg = Debug|x64
		{B18A5F52-9C2E-4882-A89B-E52591656227}.Debug|x64.Build.0 = Debug|x64
		{B18A5F52-9C2E-4882-A89B-E52591656227}.Debug|x86.ActiveCfg = Debug|Win32
		{B18A5F52-9C2E-4882-A89B-E52591656227}.Debug|x86.Build.0 = Debug|Win32
		{B18A5F52-9C2E-4882-A89B-E52591656227}.Release|x64.ActiveCfg = Release|x64
		{B18A5F52-9C2E-4882-A89B-E52591656227}.Release|x64.Build.0 = Release|x64
		{B18A5F52-9C2E-4882-A89B-E52591656227}.Release|x86.ActiveCfg = Release|Win32
		{B18A5F52-9C2E-4882-A89B-E52591656227}.Release|x86.Build.0 = Release|Win32
	EndGlobalSection
	GlobalSection(SolutionProperties) = preSolution
		HideSolutionNode = FALSE
	EndGlobalSection
	GlobalSection(ExtensibilityGlobals) = postSolution
		SolutionGuid = {DAFCEACD-7EC7-4927-9978-82A4FB3F6847}
	EndGlobalSection
EndGlobal
